
Microsoft Visual Studio Solution File, Format Version 12.00
# Visual Studio Version 16
VisualStudioVersion = 16.0.32228.343
MinimumVisualStudioVersion = 10.0.40219.1
Project("{9A19103F-16F7-4668-BE54-9A1E7A4F7556}") = "Hospital Management", "Hospital Management\Hospital Management.csproj", "{BF1E26FF-94F3-4DA2-BE31-FD283312604F}"
EndProject
Global
	GlobalSection(SolutionConfigurationPlatforms) = preSolution
		Debug|Any CPU = Debug|Any CPU
		Release|Any CPU = Release|Any CPU
	EndGlobalSection
	GlobalSection(ProjectConfigurationPlatforms) = postSolution
		{BF1E26FF-94F3-4DA2-BE31-FD283312604F}.Debug|Any CPU.ActiveCfg = Debug|Any CPU
		{BF1E26FF-94F3-4DA2-BE31-FD283312604F}.Debug|Any CPU.Build.0 = Debug|Any CPU
		{BF1E26FF-94F3-4DA2-BE31-FD283312604F}.Release|Any CPU.ActiveCfg = Release|Any CPU
		{BF1E26FF-94F3-4DA2-BE31-FD283312604F}.Release|Any CPU.Build.0 = Release|Any CPU
	EndGlobalSection
	GlobalSection(SolutionProperties) = preSolution
		HideSolutionNode = FALSE
	EndGlobalSection
	GlobalSection(ExtensibilityGlobals) = postSolution
		SolutionGuid = {3C8D5A57-232F-460B-88BB-72103A925ABC}
	EndGlobalSection
EndGlobal
